
Microsoft Visual Studio Solution File, Format Version 12.00
# Visual Studio Version 17
VisualStudioVersion = 17.7.34221.43
MinimumVisualStudioVersion = 10.0.40219.1
Project("{8BC9CEB8-8B4A-11D0-8D11-00A0C91BC942}") = "操作符", "操作符\操作符.vcxproj", "{3E258D81-F9D1-4BDB-83AA-7EF8E7DD94F3}"
EndProject
Global
	GlobalSection(SolutionConfigurationPlatforms) = preSolution
		Debug|x64 = Debug|x64
		Debug|x86 = Debug|x86
		Release|x64 = Release|x64
		Release|x86 = Release|x86
	EndGlobalSection
	GlobalSection(ProjectConfigurationPlatforms) = postSolution
		{3E258D81-F9D1-4BDB-83AA-7EF8E7DD94F3}.Debug|x64.ActiveCfg = Debug|x64
		{3E258D81-F9D1-4BDB-83AA-7EF8E7DD94F3}.Debug|x64.Build.0 = Debug|x64
		{3E258D81-F9D1-4BDB-83AA-7EF8E7DD94F3}.Debug|x86.ActiveCfg = Debug|Win32
		{3E258D81-F9D1-4BDB-83AA-7EF8E7DD94F3}.Debug|x86.Build.0 = Debug|Win32
		{3E258D81-F9D1-4BDB-83AA-7EF8E7DD94F3}.Release|x64.ActiveCfg = Release|x64
		{3E258D81-F9D1-4BDB-83AA-7EF8E7DD94F3}.Release|x64.Build.0 = Release|x64
		{3E258D81-F9D1-4BDB-83AA-7EF8E7DD94F3}.Release|x86.ActiveCfg = Release|Win32
		{3E258D81-F9D1-4BDB-83AA-7EF8E7DD94F3}.Release|x86.Build.0 = Release|Win32
	EndGlobalSection
	GlobalSection(SolutionProperties) = preSolution
		HideSolutionNode = FALSE
	EndGlobalSection
	GlobalSection(ExtensibilityGlobals) = postSolution
		SolutionGuid = {C5073A22-3D63-40CC-B15C-574E64FA2E4C}
	EndGlobalSection
EndGlobal
