
Microsoft Visual Studio Solution File, Format Version 12.00
# Visual Studio Version 17
VisualStudioVersion = 17.7.34221.43
MinimumVisualStudioVersion = 10.0.40219.1
Project("{8BC9CEB8-8B4A-11D0-8D11-00A0C91BC942}") = "指向函数指针数组的指针", "指向函数指针数组的指针\指向函数指针数组的指针.vcxproj", "{E819D5B3-E727-417E-B922-75FE8284D368}"
EndProject
Global
	GlobalSection(SolutionConfigurationPlatforms) = preSolution
		Debug|x64 = Debug|x64
		Debug|x86 = Debug|x86
		Release|x64 = Release|x64
		Release|x86 = Release|x86
	EndGlobalSection
	GlobalSection(ProjectConfigurationPlatforms) = postSolution
		{E819D5B3-E727-417E-B922-75FE8284D368}.Debug|x64.ActiveCfg = Debug|x64
		{E819D5B3-E727-417E-B922-75FE8284D368}.Debug|x64.Build.0 = Debug|x64
		{E819D5B3-E727-417E-B922-75FE8284D368}.Debug|x86.ActiveCfg = Debug|Win32
		{E819D5B3-E727-417E-B922-75FE8284D368}.Debug|x86.Build.0 = Debug|Win32
		{E819D5B3-E727-417E-B922-75FE8284D368}.Release|x64.ActiveCfg = Release|x64
		{E819D5B3-E727-417E-B922-75FE8284D368}.Release|x64.Build.0 = Release|x64
		{E819D5B3-E727-417E-B922-75FE8284D368}.Release|x86.ActiveCfg = Release|Win32
		{E819D5B3-E727-417E-B922-75FE8284D368}.Release|x86.Build.0 = Release|Win32
	EndGlobalSection
	GlobalSection(SolutionProperties) = preSolution
		HideSolutionNode = FALSE
	EndGlobalSection
	GlobalSection(ExtensibilityGlobals) = postSolution
		SolutionGuid = {B101803F-3D12-4750-950F-95F25F8730E8}
	EndGlobalSection
EndGlobal
