
Microsoft Visual Studio Solution File, Format Version 12.00
# Visual Studio Version 17
VisualStudioVersion = 17.7.34221.43
MinimumVisualStudioVersion = 10.0.40219.1
Project("{8BC9CEB8-8B4A-11D0-8D11-00A0C91BC942}") = "文件通讯录", "文件通讯录\文件通讯录.vcxproj", "{AC2DA6FE-3DF3-43B6-AB7A-CB081F881586}"
EndProject
Global
	GlobalSection(SolutionConfigurationPlatforms) = preSolution
		Debug|x64 = Debug|x64
		Debug|x86 = Debug|x86
		Release|x64 = Release|x64
		Release|x86 = Release|x86
	EndGlobalSection
	GlobalSection(ProjectConfigurationPlatforms) = postSolution
		{AC2DA6FE-3DF3-43B6-AB7A-CB081F881586}.Debug|x64.ActiveCfg = Debug|x64
		{AC2DA6FE-3DF3-43B6-AB7A-CB081F881586}.Debug|x64.Build.0 = Debug|x64
		{AC2DA6FE-3DF3-43B6-AB7A-CB081F881586}.Debug|x86.ActiveCfg = Debug|Win32
		{AC2DA6FE-3DF3-43B6-AB7A-CB081F881586}.Debug|x86.Build.0 = Debug|Win32
		{AC2DA6FE-3DF3-43B6-AB7A-CB081F881586}.Release|x64.ActiveCfg = Release|x64
		{AC2DA6FE-3DF3-43B6-AB7A-CB081F881586}.Release|x64.Build.0 = Release|x64
		{AC2DA6FE-3DF3-43B6-AB7A-CB081F881586}.Release|x86.ActiveCfg = Release|Win32
		{AC2DA6FE-3DF3-43B6-AB7A-CB081F881586}.Release|x86.Build.0 = Release|Win32
	EndGlobalSection
	GlobalSection(SolutionProperties) = preSolution
		HideSolutionNode = FALSE
	EndGlobalSection
	GlobalSection(ExtensibilityGlobals) = postSolution
		SolutionGuid = {165B3446-0566-4249-8076-B00BDCC164BF}
	EndGlobalSection
EndGlobal
