
Microsoft Visual Studio Solution File, Format Version 12.00
# Visual Studio Version 17
VisualStudioVersion = 17.7.34221.43
MinimumVisualStudioVersion = 10.0.40219.1
Project("{8BC9CEB8-8B4A-11D0-8D11-00A0C91BC942}") = "结构体传参", "结构体传参\结构体传参.vcxproj", "{1D721E29-DF6D-491A-BF7D-11AAB60A49F9}"
EndProject
Global
	GlobalSection(SolutionConfigurationPlatforms) = preSolution
		Debug|x64 = Debug|x64
		Debug|x86 = Debug|x86
		Release|x64 = Release|x64
		Release|x86 = Release|x86
	EndGlobalSection
	GlobalSection(ProjectConfigurationPlatforms) = postSolution
		{1D721E29-DF6D-491A-BF7D-11AAB60A49F9}.Debug|x64.ActiveCfg = Debug|x64
		{1D721E29-DF6D-491A-BF7D-11AAB60A49F9}.Debug|x64.Build.0 = Debug|x64
		{1D721E29-DF6D-491A-BF7D-11AAB60A49F9}.Debug|x86.ActiveCfg = Debug|Win32
		{1D721E29-DF6D-491A-BF7D-11AAB60A49F9}.Debug|x86.Build.0 = Debug|Win32
		{1D721E29-DF6D-491A-BF7D-11AAB60A49F9}.Release|x64.ActiveCfg = Release|x64
		{1D721E29-DF6D-491A-BF7D-11AAB60A49F9}.Release|x64.Build.0 = Release|x64
		{1D721E29-DF6D-491A-BF7D-11AAB60A49F9}.Release|x86.ActiveCfg = Release|Win32
		{1D721E29-DF6D-491A-BF7D-11AAB60A49F9}.Release|x86.Build.0 = Release|Win32
	EndGlobalSection
	GlobalSection(SolutionProperties) = preSolution
		HideSolutionNode = FALSE
	EndGlobalSection
	GlobalSection(ExtensibilityGlobals) = postSolution
		SolutionGuid = {1D5DC6F9-9114-49BB-9552-F19BCFF8E65D}
	EndGlobalSection
EndGlobal
